
Microsoft Visual Studio Solution File, Format Version 12.00
# Visual Studio Version 16
VisualStudioVersion = 16.0.810.19
MinimumVisualStudioVersion = 10.0.40219.1
Project("{FAE04EC0-301F-11D3-BF4B-00C04F79EFBC}") = "Homework2", "Homework2.csproj", "{CFAD0479-E21E-426A-AA44-9A13E1BBB0BC}"
EndProject
Global
	GlobalSection(SolutionConfigurationPlatforms) = preSolution
		Debug|Any CPU = Debug|Any CPU
		Release|Any CPU = Release|Any CPU
	EndGlobalSection
	GlobalSection(ProjectConfigurationPlatforms) = postSolution
		{CFAD0479-E21E-426A-AA44-9A13E1BBB0BC}.Debug|Any CPU.ActiveCfg = Debug|Any CPU
		{CFAD0479-E21E-426A-AA44-9A13E1BBB0BC}.Debug|Any CPU.Build.0 = Debug|Any CPU
		{CFAD0479-E21E-426A-AA44-9A13E1BBB0BC}.Release|Any CPU.ActiveCfg = Release|Any CPU
		{CFAD0479-E21E-426A-AA44-9A13E1BBB0BC}.Release|Any CPU.Build.0 = Release|Any CPU
	EndGlobalSection
	GlobalSection(SolutionProperties) = preSolution
		HideSolutionNode = FALSE
	EndGlobalSection
	GlobalSection(ExtensibilityGlobals) = postSolution
		SolutionGuid = {483740E8-1F7C-4842-889D-5A1856C6A5E3}
	EndGlobalSection
EndGlobal
